// !$*UTF8*$!
{
	archiveVersion = 1;
	classes = {
	};
	objectVersion = 50;
	objects = {

/* Begin PBXBuildFile section */
		C40B5AE5219CBE110027BC45 /* BaseSlidingController.swift in Sources */ = {isa = PBXBuildFile; fileRef = C40B5AE4219CBE110027BC45 /* BaseSlidingController.swift */; };
		C42D4E8A219DE05800375B7E /* CustomMenuHeaderView.swift in Sources */ = {isa = PBXBuildFile; fileRef = C42D4E89219DE05800375B7E /* CustomMenuHeaderView.swift */; };
		C42D4E8C219DE41900375B7E /* SpacerView.swift in Sources */ = {isa = PBXBuildFile; fileRef = C42D4E8B219DE41900375B7E /* SpacerView.swift */; };
		C42D4E8E219DE78900375B7E /* ProfileImageView.swift in Sources */ = {isa = PBXBuildFile; fileRef = C42D4E8D219DE78900375B7E /* ProfileImageView.swift */; };
		C42D4E90219DEE7700375B7E /* MenuItemCell.swift in Sources */ = {isa = PBXBuildFile; fileRef = C42D4E8F219DEE7700375B7E /* MenuItemCell.swift */; };
		C42D4E92219DFAD400375B7E /* ListsController.swift in Sources */ = {isa = PBXBuildFile; fileRef = C42D4E91219DFAD400375B7E /* ListsController.swift */; };
		C42D4E94219DFF3D00375B7E /* BookmarksController.swift in Sources */ = {isa = PBXBuildFile; fileRef = C42D4E93219DFF3D00375B7E /* BookmarksController.swift */; };
		C4BF0A26219B54390005FF08 /* MenuController.swift in Sources */ = {isa = PBXBuildFile; fileRef = C4BF0A25219B54390005FF08 /* MenuController.swift */; };
		C4BF0A28219B56190005FF08 /* HomeController.swift in Sources */ = {isa = PBXBuildFile; fileRef = C4BF0A27219B56190005FF08 /* HomeController.swift */; };
		C4E1315A2194D0D200E3F9C5 /* AppDelegate.swift in Sources */ = {isa = PBXBuildFile; fileRef = C4E131592194D0D200E3F9C5 /* AppDelegate.swift */; };
		C4E1315F2194D0D200E3F9C5 /* Main.storyboard in Resources */ = {isa = PBXBuildFile; fileRef = C4E1315D2194D0D200E3F9C5 /* Main.storyboard */; };
		C4E131612194D0D400E3F9C5 /* Assets.xcassets in Resources */ = {isa = PBXBuildFile; fileRef = C4E131602194D0D400E3F9C5 /* Assets.xcassets */; };
		C4E131642194D0D400E3F9C5 /* LaunchScreen.storyboard in Resources */ = {isa = PBXBuildFile; fileRef = C4E131622194D0D400E3F9C5 /* LaunchScreen.storyboard */; };
/* End PBXBuildFile section */

/* Begin PBXFileReference section */
		C40B5AE4219CBE110027BC45 /* BaseSlidingController.swift */ = {isa = PBXFileReference; lastKnownFileType = sourcecode.swift; path = BaseSlidingController.swift; sourceTree = "<group>"; };
		C42D4E89219DE05800375B7E /* CustomMenuHeaderView.swift */ = {isa = PBXFileReference; lastKnownFileType = sourcecode.swift; path = CustomMenuHeaderView.swift; sourceTree = "<group>"; };
		C42D4E8B219DE41900375B7E /* SpacerView.swift */ = {isa = PBXFileReference; lastKnownFileType = sourcecode.swift; path = SpacerView.swift; sourceTree = "<group>"; };
		C42D4E8D219DE78900375B7E /* ProfileImageView.swift */ = {isa = PBXFileReference; lastKnownFileType = sourcecode.swift; path = ProfileImageView.swift; sourceTree = "<group>"; };
		C42D4E8F219DEE7700375B7E /* MenuItemCell.swift */ = {isa = PBXFileReference; lastKnownFileType = sourcecode.swift; path = MenuItemCell.swift; sourceTree = "<group>"; };
		C42D4E91219DFAD400375B7E /* ListsController.swift */ = {isa = PBXFileReference; lastKnownFileType = sourcecode.swift; path = ListsController.swift; sourceTree = "<group>"; };
		C42D4E93219DFF3D00375B7E /* BookmarksController.swift */ = {isa = PBXFileReference; lastKnownFileType = sourcecode.swift; path = BookmarksController.swift; sourceTree = "<group>"; };
		C4BF0A25219B54390005FF08 /* MenuController.swift */ = {isa = PBXFileReference; lastKnownFileType = sourcecode.swift; path = MenuController.swift; sourceTree = "<group>"; };
		C4BF0A27219B56190005FF08 /* HomeController.swift */ = {isa = PBXFileReference; fileEncoding = 4; lastKnownFileType = sourcecode.swift; path = HomeController.swift; sourceTree = "<group>"; };
		C4E131562194D0D200E3F9C5 /* TwitterSlideTest.app */ = {isa = PBXFileReference; explicitFileType = wrapper.application; includeInIndex = 0; path = TwitterSlideTest.app; sourceTree = BUILT_PRODUCTS_DIR; };
		C4E131592194D0D200E3F9C5 /* AppDelegate.swift */ = {isa = PBXFileReference; lastKnownFileType = sourcecode.swift; path = AppDelegate.swift; sourceTree = "<group>"; };
		C4E1315E2194D0D200E3F9C5 /* Base */ = {isa = PBXFileReference; lastKnownFileType = file.storyboard; name = Base; path = Base.lproj/Main.storyboard; sourceTree = "<group>"; };
		C4E131602194D0D400E3F9C5 /* Assets.xcassets */ = {isa = PBXFileReference; lastKnownFileType = folder.assetcatalog; path = Assets.xcassets; sourceTree = "<group>"; };
		C4E131632194D0D400E3F9C5 /* Base */ = {isa = PBXFileReference; lastKnownFileType = file.storyboard; name = Base; path = Base.lproj/LaunchScreen.storyboard; sourceTree = "<group>"; };
		C4E131652194D0D400E3F9C5 /* Info.plist */ = {isa = PBXFileReference; lastKnownFileType = text.plist.xml; path = Info.plist; sourceTree = "<group>"; };
/* End PBXFileReference section */

/* Begin PBXFrameworksBuildPhase section */
		C4E131532194D0D200E3F9C5 /* Frameworks */ = {
			isa = PBXFrameworksBuildPhase;
			buildActionMask = 2147483647;
			files = (
			);
			runOnlyForDeploymentPostprocessing = 0;
		};
/* End PBXFrameworksBuildPhase section */

/* Begin PBXGroup section */
		C40B5AE3219CBDF40027BC45 /* Base */ = {
			isa = PBXGroup;
			children = (
				C40B5AE4219CBE110027BC45 /* BaseSlidingController.swift */,
			);
			path = Base;
			sourceTree = "<group>";
		};
		C42D4E88219DE03500375B7E /* Views */ = {
			isa = PBXGroup;
			children = (
				C42D4E89219DE05800375B7E /* CustomMenuHeaderView.swift */,
				C42D4E8B219DE41900375B7E /* SpacerView.swift */,
				C42D4E8D219DE78900375B7E /* ProfileImageView.swift */,
				C42D4E8F219DEE7700375B7E /* MenuItemCell.swift */,
			);
			path = Views;
			sourceTree = "<group>";
		};
		C4BF0A24219B54240005FF08 /* Controllers */ = {
			isa = PBXGroup;
			children = (
				C40B5AE3219CBDF40027BC45 /* Base */,
				C4BF0A25219B54390005FF08 /* MenuController.swift */,
				C4BF0A27219B56190005FF08 /* HomeController.swift */,
				C42D4E91219DFAD400375B7E /* ListsController.swift */,
				C42D4E93219DFF3D00375B7E /* BookmarksController.swift */,
			);
			path = Controllers;
			sourceTree = "<group>";
		};
		C4E1314D2194D0D200E3F9C5 = {
			isa = PBXGroup;
			children = (
				C4E131582194D0D200E3F9C5 /* TwitterSlideTest */,
				C4E131572194D0D200E3F9C5 /* Products */,
			);
			sourceTree = "<group>";
		};
		C4E131572194D0D200E3F9C5 /* Products */ = {
			isa = PBXGroup;
			children = (
				C4E131562194D0D200E3F9C5 /* TwitterSlideTest.app */,
			);
			name = Products;
			sourceTree = "<group>";
		};
		C4E131582194D0D200E3F9C5 /* TwitterSlideTest */ = {
			isa = PBXGroup;
			children = (
				C42D4E88219DE03500375B7E /* Views */,
				C4E131592194D0D200E3F9C5 /* AppDelegate.swift */,
				C4BF0A24219B54240005FF08 /* Controllers */,
				C4E1315D2194D0D200E3F9C5 /* Main.storyboard */,
				C4E131602194D0D400E3F9C5 /* Assets.xcassets */,
				C4E131622194D0D400E3F9C5 /* LaunchScreen.storyboard */,
				C4E131652194D0D400E3F9C5 /* Info.plist */,
			);
			path = TwitterSlideTest;
			sourceTree = "<group>";
		};
/* End PBXGroup section */

/* Begin PBXNativeTarget section */
		C4E131552194D0D200E3F9C5 /* TwitterSlideTest */ = {
			isa = PBXNativeTarget;
			buildConfigurationList = C4E131682194D0D400E3F9C5 /* Build configuration list for PBXNativeTarget "TwitterSlideTest" */;
			buildPhases = (
				C4E131522194D0D200E3F9C5 /* Sources */,
				C4E131532194D0D200E3F9C5 /* Frameworks */,
				C4E131542194D0D200E3F9C5 /* Resources */,
			);
			buildRules = (
			);
			dependencies = (
			);
			name = TwitterSlideTest;
			productName = TwitterSlideTest;
			productReference = C4E131562194D0D200E3F9C5 /* TwitterSlideTest.app */;
			productType = "com.apple.product-type.application";
		};
/* End PBXNativeTarget section */

/* Begin PBXProject section */
		C4E1314E2194D0D200E3F9C5 /* Project object */ = {
			isa = PBXProject;
			attributes = {
				LastSwiftUpdateCheck = 1010;
				LastUpgradeCheck = 1010;
				ORGANIZATIONNAME = "Lasse Silkoset";
				TargetAttributes = {
					C4E131552194D0D200E3F9C5 = {
						CreatedOnToolsVersion = 10.1;
					};
				};
			};
			buildConfigurationList = C4E131512194D0D200E3F9C5 /* Build configuration list for PBXProject "TwitterSlideTest" */;
			compatibilityVersion = "Xcode 9.3";
			developmentRegion = en;
			hasScannedForEncodings = 0;
			knownRegions = (
				en,
				Base,
			);
			mainGroup = C4E1314D2194D0D200E3F9C5;
			productRefGroup = C4E131572194D0D200E3F9C5 /* Products */;
			projectDirPath = "";
			projectRoot = "";
			targets = (
				C4E131552194D0D200E3F9C5 /* TwitterSlideTest */,
			);
		};
/* End PBXProject section */

/* Begin PBXResourcesBuildPhase section */
		C4E131542194D0D200E3F9C5 /* Resources */ = {
			isa = PBXResourcesBuildPhase;
			buildActionMask = 2147483647;
			files = (
				C4E131642194D0D400E3F9C5 /* LaunchScreen.storyboard in Resources */,
				C4E131612194D0D400E3F9C5 /* Assets.xcassets in Resources */,
				C4E1315F2194D0D200E3F9C5 /* Main.storyboard in Resources */,
			);
			runOnlyForDeploymentPostprocessing = 0;
		};
/* End PBXResourcesBuildPhase section */

/* Begin PBXSourcesBuildPhase section */
		C4E131522194D0D200E3F9C5 /* Sources */ = {
			isa = PBXSourcesBuildPhase;
			buildActionMask = 2147483647;
			files = (
				C4BF0A28219B56190005FF08 /* HomeController.swift in Sources */,
				C42D4E90219DEE7700375B7E /* MenuItemCell.swift in Sources */,
				C42D4E8E219DE78900375B7E /* ProfileImageView.swift in Sources */,
				C4BF0A26219B54390005FF08 /* MenuController.swift in Sources */,
				C42D4E8C219DE41900375B7E /* SpacerView.swift in Sources */,
				C4E1315A2194D0D200E3F9C5 /* AppDelegate.swift in Sources */,
				C42D4E8A219DE05800375B7E /* CustomMenuHeaderView.swift in Sources */,
				C42D4E92219DFAD400375B7E /* ListsController.swift in Sources */,
				C40B5AE5219CBE110027BC45 /* BaseSlidingController.swift in Sources */,
				C42D4E94219DFF3D00375B7E /* BookmarksController.swift in Sources */,
			);
			runOnlyForDeploymentPostprocessing = 0;
		};
/* End PBXSourcesBuildPhase section */

/* Begin PBXVariantGroup section */
		C4E1315D2194D0D200E3F9C5 /* Main.storyboard */ = {
			isa = PBXVariantGroup;
			children = (
				C4E1315E2194D0D200E3F9C5 /* Base */,
			);
			name = Main.storyboard;
			sourceTree = "<group>";
		};
		C4E131622194D0D400E3F9C5 /* LaunchScreen.storyboard */ = {
			isa = PBXVariantGroup;
			children = (
				C4E131632194D0D400E3F9C5 /* Base */,
			);
			name = LaunchScreen.storyboard;
			sourceTree = "<group>";
		};
/* End PBXVariantGroup section */

/* Begin XCBuildConfiguration section */
		C4E131662194D0D400E3F9C5 /* Debug */ = {
			isa = XCBuildConfiguration;
			buildSettings = {
				ALWAYS_SEARCH_USER_PATHS = NO;
				CLANG_ANALYZER_NONNULL = YES;
				CLANG_ANALYZER_NUMBER_OBJECT_CONVERSION = YES_AGGRESSIVE;
				CLANG_CXX_LANGUAGE_STANDARD = "gnu++14";
				CLANG_CXX_LIBRARY = "libc++";
				CLANG_ENABLE_MODULES = YES;
				CLANG_ENABLE_OBJC_ARC = YES;
				CLANG_ENABLE_OBJC_WEAK = YES;
				CLANG_WARN_BLOCK_CAPTURE_AUTORELEASING = YES;
				CLANG_WARN_BOOL_CONVERSION = YES;
				CLANG_WARN_COMMA = YES;
				CLANG_WARN_CONSTANT_CONVERSION = YES;
				CLANG_WARN_DEPRECATED_OBJC_IMPLEMENTATIONS = YES;
				CLANG_WARN_DIRECT_OBJC_ISA_USAGE = YES_ERROR;
				CLANG_WARN_DOCUMENTATION_COMMENTS = YES;
				CLANG_WARN_EMPTY_BODY = YES;
				CLANG_WARN_ENUM_CONVERSION = YES;
				CLANG_WARN_INFINITE_RECURSION = YES;
				CLANG_WARN_INT_CONVERSION = YES;
				CLANG_WARN_NON_LITERAL_NULL_CONVERSION = YES;
				CLANG_WARN_OBJC_IMPLICIT_RETAIN_SELF = YES;
				CLANG_WARN_OBJC_LITERAL_CONVERSION = YES;
				CLANG_WARN_OBJC_ROOT_CLASS = YES_ERROR;
				CLANG_WARN_RANGE_LOOP_ANALYSIS = YES;
				CLANG_WARN_STRICT_PROTOTYPES = YES;
				CLANG_WARN_SUSPICIOUS_MOVE = YES;
				CLANG_WARN_UNGUARDED_AVAILABILITY = YES_AGGRESSIVE;
				CLANG_WARN_UNREACHABLE_CODE = YES;
				CLANG_WARN__DUPLICATE_METHOD_MATCH = YES;
				CODE_SIGN_IDENTITY = "iPhone Developer";
				COPY_PHASE_STRIP = NO;
				DEBUG_INFORMATION_FORMAT = dwarf;
				ENABLE_STRICT_OBJC_MSGSEND = YES;
				ENABLE_TESTABILITY = YES;
				GCC_C_LANGUAGE_STANDARD = gnu11;
				GCC_DYNAMIC_NO_PIC = NO;
				GCC_NO_COMMON_BLOCKS = YES;
				GCC_OPTIMIZATION_LEVEL = 0;
				GCC_PREPROCESSOR_DEFINITIONS = (
					"DEBUG=1",
					"$(inherited)",
				);
				GCC_WARN_64_TO_32_BIT_CONVERSION = YES;
				GCC_WARN_ABOUT_RETURN_TYPE = YES_ERROR;
				GCC_WARN_UNDECLARED_SELECTOR = YES;
				GCC_WARN_UNINITIALIZED_AUTOS = YES_AGGRESSIVE;
				GCC_WARN_UNUSED_FUNCTION = YES;
				GCC_WARN_UNUSED_VARIABLE = YES;
				IPHONEOS_DEPLOYMENT_TARGET = 12.1;
				MTL_ENABLE_DEBUG_INFO = INCLUDE_SOURCE;
				MTL_FAST_MATH = YES;
				ONLY_ACTIVE_ARCH = YES;
				SDKROOT = iphoneos;
				SWIFT_ACTIVE_COMPILATION_CONDITIONS = DEBUG;
				SWIFT_OPTIMIZATION_LEVEL = "-Onone";
			};
			name = Debug;
		};
		C4E131672194D0D400E3F9C5 /* Release */ = {
			isa = XCBuildConfiguration;
			buildSettings = {
				ALWAYS_SEARCH_USER_PATHS = NO;
				CLANG_ANALYZER_NONNULL = YES;
				CLANG_ANALYZER_NUMBER_OBJECT_CONVERSION = YES_AGGRESSIVE;
				CLANG_CXX_LANGUAGE_STANDARD = "gnu++14";
				CLANG_CXX_LIBRARY = "libc++";
				CLANG_ENABLE_MODULES = YES;
				CLANG_ENABLE_OBJC_ARC = YES;
				CLANG_ENABLE_OBJC_WEAK = YES;
				CLANG_WARN_BLOCK_CAPTURE_AUTORELEASING = YES;
				CLANG_WARN_BOOL_CONVERSION = YES;
				CLANG_WARN_COMMA = YES;
				CLANG_WARN_CONSTANT_CONVERSION = YES;
				CLANG_WARN_DEPRECATED_OBJC_IMPLEMENTATIONS = YES;
				CLANG_WARN_DIRECT_OBJC_ISA_USAGE = YES_ERROR;
				CLANG_WARN_DOCUMENTATION_COMMENTS = YES;
				CLANG_WARN_EMPTY_BODY = YES;
				CLANG_WARN_ENUM_CONVERSION = YES;
				CLANG_WARN_INFINITE_RECURSION = YES;
				CLANG_WARN_INT_CONVERSION = YES;
				CLANG_WARN_NON_LITERAL_NULL_CONVERSION = YES;
				CLANG_WARN_OBJC_IMPLICIT_RETAIN_SELF = YES;
				CLANG_WARN_OBJC_LITERAL_CONVERSION = YES;
				CLANG_WARN_OBJC_ROOT_CLASS = YES_ERROR;
				CLANG_WARN_RANGE_LOOP_ANALYSIS = YES;
				CLANG_WARN_STRICT_PROTOTYPES = YES;
				CLANG_WARN_SUSPICIOUS_MOVE = YES;
				CLANG_WARN_UNGUARDED_AVAILABILITY = YES_AGGRESSIVE;
				CLANG_WARN_UNREACHABLE_CODE = YES;
				CLANG_WARN__DUPLICATE_METHOD_MATCH = YES;
				CODE_SIGN_IDENTITY = "iPhone Developer";
				COPY_PHASE_STRIP = NO;
				DEBUG_INFORMATION_FORMAT = "dwarf-with-dsym";
				ENABLE_NS_ASSERTIONS = NO;
				ENABLE_STRICT_OBJC_MSGSEND = YES;
				GCC_C_LANGUAGE_STANDARD = gnu11;
				GCC_NO_COMMON_BLOCKS = YES;
				GCC_WARN_64_TO_32_BIT_CONVERSION = YES;
				GCC_WARN_ABOUT_RETURN_TYPE = YES_ERROR;
				GCC_WARN_UNDECLARED_SELECTOR = YES;
				GCC_WARN_UNINITIALIZED_AUTOS = YES_AGGRESSIVE;
				GCC_WARN_UNUSED_FUNCTION = YES;
				GCC_WARN_UNUSED_VARIABLE = YES;
				IPHONEOS_DEPLOYMENT_TARGET = 12.1;
				MTL_ENABLE_DEBUG_INFO = NO;
				MTL_FAST_MATH = YES;
				SDKROOT = iphoneos;
				SWIFT_COMPILATION_MODE = wholemodule;
				SWIFT_OPTIMIZATION_LEVEL = "-O";
				VALIDATE_PRODUCT = YES;
			};
			name = Release;
		};
		C4E131692194D0D400E3F9C5 /* Debug */ = {
			isa = XCBuildConfiguration;
			buildSettings = {
				ASSETCATALOG_COMPILER_APPICON_NAME = AppIcon;
				CODE_SIGN_STYLE = Automatic;
				DEVELOPMENT_TEAM = 6PPL8837AU;
				INFOPLIST_FILE = TwitterSlideTest/Info.plist;
				LD_RUNPATH_SEARCH_PATHS = (
					"$(inherited)",
					"@executable_path/Frameworks",
				);
				PRODUCT_BUNDLE_IDENTIFIER = com.lassesilkoset.TwitterSlideTest;
				PRODUCT_NAME = "$(TARGET_NAME)";
				SWIFT_VERSION = 4.2;
				TARGETED_DEVICE_FAMILY = "1,2";
			};
			name = Debug;
		};
		C4E1316A2194D0D400E3F9C5 /* Release */ = {
			isa = XCBuildConfiguration;
			buildSettings = {
				ASSETCATALOG_COMPILER_APPICON_NAME = AppIcon;
				CODE_SIGN_STYLE = Automatic;
				DEVELOPMENT_TEAM = 6PPL8837AU;
				INFOPLIST_FILE = TwitterSlideTest/Info.plist;
				LD_RUNPATH_SEARCH_PATHS = (
					"$(inherited)",
					"@executable_path/Frameworks",
				);
				PRODUCT_BUNDLE_IDENTIFIER = com.lassesilkoset.TwitterSlideTest;
				PRODUCT_NAME = "$(TARGET_NAME)";
				SWIFT_VERSION = 4.2;
				TARGETED_DEVICE_FAMILY = "1,2";
			};
			name = Release;
		};
/* End XCBuildConfiguration section */

/* Begin XCConfigurationList section */
		C4E131512194D0D200E3F9C5 /* Build configuration list for PBXProject "TwitterSlideTest" */ = {
			isa = XCConfigurationList;
			buildConfigurations = (
				C4E131662194D0D400E3F9C5 /* Debug */,
				C4E131672194D0D400E3F9C5 /* Release */,
			);
			defaultConfigurationIsVisible = 0;
			defaultConfigurationName = Release;
		};
		C4E131682194D0D400E3F9C5 /* Build configuration list for PBXNativeTarget "TwitterSlideTest" */ = {
			isa = XCConfigurationList;
			buildConfigurations = (
				C4E131692194D0D400E3F9C5 /* Debug */,
				C4E1316A2194D0D400E3F9C5 /* Release */,
			);
			defaultConfigurationIsVisible = 0;
			defaultConfigurationName = Release;
		};
/* End XCConfigurationList section */
	};
	rootObject = C4E1314E2194D0D200E3F9C5 /* Project object */;
}
